
Microsoft Visual Studio Solution File, Format Version 12.00
# Visual Studio 14
VisualStudioVersion = 14.0.25420.1
MinimumVisualStudioVersion = 10.0.40219.1
Project("{2150E333-8FDC-42A3-9474-1A3956D46DE8}") = "src", "src", "{C83774D3-357D-4681-A243-B046053E4F47}"
EndProject
Project("{2150E333-8FDC-42A3-9474-1A3956D46DE8}") = "Solution Items", "Solution Items", "{73904FC9-699D-41E8-8965-894D7AE20CD7}"
	ProjectSection(SolutionItems) = preProject
		global.json = global.json
	EndProjectSection
EndProject
Project("{8BB2217D-0F2D-49D1-97BC-3654ED321F3B}") = "SharpPatterns", "src\SharpPatterns\SharpPatterns.xproj", "{B2FAED75-9367-46AB-8FA3-040C76A8AA4B}"
EndProject
Global
	GlobalSection(SolutionConfigurationPlatforms) = preSolution
		Debug|Any CPU = Debug|Any CPU
		Release|Any CPU = Release|Any CPU
	EndGlobalSection
	GlobalSection(ProjectConfigurationPlatforms) = postSolution
		{B2FAED75-9367-46AB-8FA3-040C76A8AA4B}.Debug|Any CPU.ActiveCfg = Debug|Any CPU
		{B2FAED75-9367-46AB-8FA3-040C76A8AA4B}.Debug|Any CPU.Build.0 = Debug|Any CPU
		{B2FAED75-9367-46AB-8FA3-040C76A8AA4B}.Release|Any CPU.ActiveCfg = Release|Any CPU
		{B2FAED75-9367-46AB-8FA3-040C76A8AA4B}.Release|Any CPU.Build.0 = Release|Any CPU
	EndGlobalSection
	GlobalSection(SolutionProperties) = preSolution
		HideSolutionNode = FALSE
	EndGlobalSection
	GlobalSection(NestedProjects) = preSolution
		{B2FAED75-9367-46AB-8FA3-040C76A8AA4B} = {C83774D3-357D-4681-A243-B046053E4F47}
	EndGlobalSection
EndGlobal
